
Microsoft Visual Studio Solution File, Format Version 12.00
# Visual Studio Version 16
VisualStudioVersion = 16.0.30804.86
MinimumVisualStudioVersion = 10.0.40219.1
Project("{2150E333-8FDC-42A3-9474-1A3956D46DE8}") = "Solution Items", "Solution Items", "{60CF2667-C7FB-4027-86F9-E00310FC41C1}"
	ProjectSection(SolutionItems) = preProject
		..\.editorconfig = ..\.editorconfig
		..\azure-pipelines.yml = ..\azure-pipelines.yml
		..\GitVersion.yml = ..\GitVersion.yml
		..\LICENSE = ..\LICENSE
		..\README.md = ..\README.md
	EndProjectSection
EndProject
Project("{FAE04EC0-301F-11D3-BF4B-00C04F79EFBC}") = "embedly-client", "embedly-client\embedly-client.csproj", "{14C5D862-C0D4-4114-8F54-165384267030}"
EndProject
Project("{FAE04EC0-301F-11D3-BF4B-00C04F79EFBC}") = "Embedly-client.Tests", "Tests\Embedly-client.Tests\Embedly-client.Tests.csproj", "{719E6E18-17F8-4F4F-9BE7-75D889064C6E}"
EndProject
Global
	GlobalSection(SolutionConfigurationPlatforms) = preSolution
		Debug|Any CPU = Debug|Any CPU
		Release|Any CPU = Release|Any CPU
	EndGlobalSection
	GlobalSection(ProjectConfigurationPlatforms) = postSolution
		{14C5D862-C0D4-4114-8F54-165384267030}.Debug|Any CPU.ActiveCfg = Debug|Any CPU
		{14C5D862-C0D4-4114-8F54-165384267030}.Debug|Any CPU.Build.0 = Debug|Any CPU
		{14C5D862-C0D4-4114-8F54-165384267030}.Release|Any CPU.ActiveCfg = Release|Any CPU
		{14C5D862-C0D4-4114-8F54-165384267030}.Release|Any CPU.Build.0 = Release|Any CPU
		{719E6E18-17F8-4F4F-9BE7-75D889064C6E}.Debug|Any CPU.ActiveCfg = Debug|Any CPU
		{719E6E18-17F8-4F4F-9BE7-75D889064C6E}.Debug|Any CPU.Build.0 = Debug|Any CPU
		{719E6E18-17F8-4F4F-9BE7-75D889064C6E}.Release|Any CPU.ActiveCfg = Release|Any CPU
		{719E6E18-17F8-4F4F-9BE7-75D889064C6E}.Release|Any CPU.Build.0 = Release|Any CPU
	EndGlobalSection
	GlobalSection(SolutionProperties) = preSolution
		HideSolutionNode = FALSE
	EndGlobalSection
	GlobalSection(ExtensibilityGlobals) = postSolution
		SolutionGuid = {A07AD719-86AB-4A9D-B11B-F610128608D6}
	EndGlobalSection
	GlobalSection(CodealikeProperties) = postSolution
		SolutionGuid = 4165bedc-7abc-41a6-b558-c7b59638f96f
	EndGlobalSection
EndGlobal
